
Microsoft Visual Studio Solution File, Format Version 12.00
# Visual Studio Version 17
VisualStudioVersion = 17.1.32414.318
MinimumVisualStudioVersion = 10.0.40219.1
Project("{9A19103F-16F7-4668-BE54-9A1E7A4F7556}") = "eCarService", "eCarService\eCarService.csproj", "{EDB2103E-DF48-41E2-BF0B-A250F9A8A3FC}"
	ProjectSection(ProjectDependencies) = postProject
		{FCD2A2FB-DB3F-4C75-A33E-8066A620DECF} = {FCD2A2FB-DB3F-4C75-A33E-8066A620DECF}
	EndProjectSection
EndProject
Project("{9A19103F-16F7-4668-BE54-9A1E7A4F7556}") = "eCarService.Service", "eCarService.Service\eCarService.Service.csproj", "{E4464065-0E4C-4E60-9912-EC3B3A193E11}"
EndProject
Project("{9A19103F-16F7-4668-BE54-9A1E7A4F7556}") = "eCarService.Model", "eCarService.Model\eCarService.Model.csproj", "{FCD2A2FB-DB3F-4C75-A33E-8066A620DECF}"
EndProject
Project("{FAE04EC0-301F-11D3-BF4B-00C04F79EFBC}") = "eCarService.DesktopApp", "eCarService.DesktopApp\eCarService.DesktopApp.csproj", "{07E03DF4-0D45-4B69-9163-543C7A956836}"
EndProject
Global
	GlobalSection(SolutionConfigurationPlatforms) = preSolution
		Debug|Any CPU = Debug|Any CPU
		Release|Any CPU = Release|Any CPU
	EndGlobalSection
	GlobalSection(ProjectConfigurationPlatforms) = postSolution
		{EDB2103E-DF48-41E2-BF0B-A250F9A8A3FC}.Debug|Any CPU.ActiveCfg = Debug|Any CPU
		{EDB2103E-DF48-41E2-BF0B-A250F9A8A3FC}.Debug|Any CPU.Build.0 = Debug|Any CPU
		{EDB2103E-DF48-41E2-BF0B-A250F9A8A3FC}.Release|Any CPU.ActiveCfg = Release|Any CPU
		{EDB2103E-DF48-41E2-BF0B-A250F9A8A3FC}.Release|Any CPU.Build.0 = Release|Any CPU
		{E4464065-0E4C-4E60-9912-EC3B3A193E11}.Debug|Any CPU.ActiveCfg = Debug|Any CPU
		{E4464065-0E4C-4E60-9912-EC3B3A193E11}.Debug|Any CPU.Build.0 = Debug|Any CPU
		{E4464065-0E4C-4E60-9912-EC3B3A193E11}.Release|Any CPU.ActiveCfg = Release|Any CPU
		{E4464065-0E4C-4E60-9912-EC3B3A193E11}.Release|Any CPU.Build.0 = Release|Any CPU
		{FCD2A2FB-DB3F-4C75-A33E-8066A620DECF}.Debug|Any CPU.ActiveCfg = Debug|Any CPU
		{FCD2A2FB-DB3F-4C75-A33E-8066A620DECF}.Debug|Any CPU.Build.0 = Debug|Any CPU
		{FCD2A2FB-DB3F-4C75-A33E-8066A620DECF}.Release|Any CPU.ActiveCfg = Release|Any CPU
		{FCD2A2FB-DB3F-4C75-A33E-8066A620DECF}.Release|Any CPU.Build.0 = Release|Any CPU
		{07E03DF4-0D45-4B69-9163-543C7A956836}.Debug|Any CPU.ActiveCfg = Debug|Any CPU
		{07E03DF4-0D45-4B69-9163-543C7A956836}.Debug|Any CPU.Build.0 = Debug|Any CPU
		{07E03DF4-0D45-4B69-9163-543C7A956836}.Release|Any CPU.ActiveCfg = Release|Any CPU
		{07E03DF4-0D45-4B69-9163-543C7A956836}.Release|Any CPU.Build.0 = Release|Any CPU
	EndGlobalSection
	GlobalSection(SolutionProperties) = preSolution
		HideSolutionNode = FALSE
	EndGlobalSection
	GlobalSection(ExtensibilityGlobals) = postSolution
		SolutionGuid = {39B04E1E-2F54-49F9-AAF0-D87E0977DDAE}
	EndGlobalSection
EndGlobal
